
Microsoft Visual Studio Solution File, Format Version 12.00
Project("{FAE04EC0-301F-11D3-BF4B-00C04F79EFBC}") = "TrainTiming.API", "TrainTiming.API\TrainTiming.API.csproj", "{9C283B1A-BCB4-4FF9-812E-3FD3F1C006E2}"
EndProject
Project("{FAE04EC0-301F-11D3-BF4B-00C04F79EFBC}") = "TrainTiming.Core", "TrainTiming.Core\TrainTiming.Core.csproj", "{8093D732-F94D-4953-BB4F-9932C77A40CD}"
EndProject
Project("{FAE04EC0-301F-11D3-BF4B-00C04F79EFBC}") = "TrainTiming.Application", "TrainTiming.Application\TrainTiming.Application.csproj", "{887533C0-163A-49C7-A6E4-9F7E6519234A}"
EndProject
Project("{FAE04EC0-301F-11D3-BF4B-00C04F79EFBC}") = "TrainTiming.Persistence", "TrainTiming.Persistence\TrainTiming.Persistence.csproj", "{6532EA13-8299-4493-A9DF-C1392331DCB8}"
EndProject
Global
	GlobalSection(SolutionConfigurationPlatforms) = preSolution
		Debug|Any CPU = Debug|Any CPU
		Release|Any CPU = Release|Any CPU
	EndGlobalSection
	GlobalSection(ProjectConfigurationPlatforms) = postSolution
		{9C283B1A-BCB4-4FF9-812E-3FD3F1C006E2}.Debug|Any CPU.ActiveCfg = Debug|Any CPU
		{9C283B1A-BCB4-4FF9-812E-3FD3F1C006E2}.Debug|Any CPU.Build.0 = Debug|Any CPU
		{9C283B1A-BCB4-4FF9-812E-3FD3F1C006E2}.Release|Any CPU.ActiveCfg = Release|Any CPU
		{9C283B1A-BCB4-4FF9-812E-3FD3F1C006E2}.Release|Any CPU.Build.0 = Release|Any CPU
		{8093D732-F94D-4953-BB4F-9932C77A40CD}.Debug|Any CPU.ActiveCfg = Debug|Any CPU
		{8093D732-F94D-4953-BB4F-9932C77A40CD}.Debug|Any CPU.Build.0 = Debug|Any CPU
		{8093D732-F94D-4953-BB4F-9932C77A40CD}.Release|Any CPU.ActiveCfg = Release|Any CPU
		{8093D732-F94D-4953-BB4F-9932C77A40CD}.Release|Any CPU.Build.0 = Release|Any CPU
		{887533C0-163A-49C7-A6E4-9F7E6519234A}.Debug|Any CPU.ActiveCfg = Debug|Any CPU
		{887533C0-163A-49C7-A6E4-9F7E6519234A}.Debug|Any CPU.Build.0 = Debug|Any CPU
		{887533C0-163A-49C7-A6E4-9F7E6519234A}.Release|Any CPU.ActiveCfg = Release|Any CPU
		{887533C0-163A-49C7-A6E4-9F7E6519234A}.Release|Any CPU.Build.0 = Release|Any CPU
		{6532EA13-8299-4493-A9DF-C1392331DCB8}.Debug|Any CPU.ActiveCfg = Debug|Any CPU
		{6532EA13-8299-4493-A9DF-C1392331DCB8}.Debug|Any CPU.Build.0 = Debug|Any CPU
		{6532EA13-8299-4493-A9DF-C1392331DCB8}.Release|Any CPU.ActiveCfg = Release|Any CPU
		{6532EA13-8299-4493-A9DF-C1392331DCB8}.Release|Any CPU.Build.0 = Release|Any CPU
	EndGlobalSection
EndGlobal
